// !$*UTF8*$!
{
	archiveVersion = 1;
	classes = {
	};
	objectVersion = 56;
	objects = {

/* Begin PBXBuildFile section */
		98028F822929024300C595AD /* KeychainManager.swift in Sources */ = {isa = PBXBuildFile; fileRef = 98028F812929024300C595AD /* KeychainManager.swift */; };
		98028F842929081B00C595AD /* UIViewController+.swift in Sources */ = {isa = PBXBuildFile; fileRef = 98028F832929081B00C595AD /* UIViewController+.swift */; };
		98028F8629290A5B00C595AD /* UserDefaultsManager.swift in Sources */ = {isa = PBXBuildFile; fileRef = 98028F8529290A5B00C595AD /* UserDefaultsManager.swift */; };
		98028F88292914A900C595AD /* GoogleService-Info.plist in Resources */ = {isa = PBXBuildFile; fileRef = 98028F87292914A900C595AD /* GoogleService-Info.plist */; };
		984C8A3B2928D3BF00B0BFAD /* AuthViewController.swift in Sources */ = {isa = PBXBuildFile; fileRef = 984C8A3A2928D3BF00B0BFAD /* AuthViewController.swift */; };
		987B0383290AB70200471E43 /* Models.scnassets in Resources */ = {isa = PBXBuildFile; fileRef = 987B0382290AB70200471E43 /* Models.scnassets */; };
		98DABE6A2909B5C90007C17E /* AppDelegate.swift in Sources */ = {isa = PBXBuildFile; fileRef = 98DABE692909B5C90007C17E /* AppDelegate.swift */; };
		98DABE6C2909B5C90007C17E /* art.scnassets in Resources */ = {isa = PBXBuildFile; fileRef = 98DABE6B2909B5C90007C17E /* art.scnassets */; };
		98DABE6E2909B5C90007C17E /* MainViewController.swift in Sources */ = {isa = PBXBuildFile; fileRef = 98DABE6D2909B5C90007C17E /* MainViewController.swift */; };
		98DABE712909B5C90007C17E /* Main.storyboard in Resources */ = {isa = PBXBuildFile; fileRef = 98DABE6F2909B5C90007C17E /* Main.storyboard */; };
		98DABE732909B5CB0007C17E /* Assets.xcassets in Resources */ = {isa = PBXBuildFile; fileRef = 98DABE722909B5CB0007C17E /* Assets.xcassets */; };
		98DABE802909B5CB0007C17E /* BlinkTests.swift in Sources */ = {isa = PBXBuildFile; fileRef = 98DABE7F2909B5CB0007C17E /* BlinkTests.swift */; };
		98DABE8A2909B5CB0007C17E /* BlinkUITests.swift in Sources */ = {isa = PBXBuildFile; fileRef = 98DABE892909B5CB0007C17E /* BlinkUITests.swift */; };
		98DABE8C2909B5CB0007C17E /* BlinkUITestsLaunchTests.swift in Sources */ = {isa = PBXBuildFile; fileRef = 98DABE8B2909B5CB0007C17E /* BlinkUITestsLaunchTests.swift */; };
		98E89D5C2928068900F004EE /* UIView+.swift in Sources */ = {isa = PBXBuildFile; fileRef = 98E89D5B2928068900F004EE /* UIView+.swift */; };
/* End PBXBuildFile section */

/* Begin PBXContainerItemProxy section */
		98DABE7C2909B5CB0007C17E /* PBXContainerItemProxy */ = {
			isa = PBXContainerItemProxy;
			containerPortal = 98DABE5E2909B5C90007C17E /* Project object */;
			proxyType = 1;
			remoteGlobalIDString = 98DABE652909B5C90007C17E;
			remoteInfo = Blink;
		};
		98DABE862909B5CB0007C17E /* PBXContainerItemProxy */ = {
			isa = PBXContainerItemProxy;
			containerPortal = 98DABE5E2909B5C90007C17E /* Project object */;
			proxyType = 1;
			remoteGlobalIDString = 98DABE652909B5C90007C17E;
			remoteInfo = Blink;
		};
/* End PBXContainerItemProxy section */

/* Begin PBXFileReference section */
		98028F802928DC0400C595AD /* Blink.entitlements */ = {isa = PBXFileReference; lastKnownFileType = text.plist.entitlements; path = Blink.entitlements; sourceTree = "<group>"; };
		98028F812929024300C595AD /* KeychainManager.swift */ = {isa = PBXFileReference; lastKnownFileType = sourcecode.swift; path = KeychainManager.swift; sourceTree = "<group>"; };
		98028F832929081B00C595AD /* UIViewController+.swift */ = {isa = PBXFileReference; lastKnownFileType = sourcecode.swift; path = "UIViewController+.swift"; sourceTree = "<group>"; };
		98028F8529290A5B00C595AD /* UserDefaultsManager.swift */ = {isa = PBXFileReference; lastKnownFileType = sourcecode.swift; path = UserDefaultsManager.swift; sourceTree = "<group>"; };
		98028F87292914A900C595AD /* GoogleService-Info.plist */ = {isa = PBXFileReference; fileEncoding = 4; lastKnownFileType = text.plist.xml; path = "GoogleService-Info.plist"; sourceTree = "<group>"; };
		984C8A3A2928D3BF00B0BFAD /* AuthViewController.swift */ = {isa = PBXFileReference; lastKnownFileType = sourcecode.swift; path = AuthViewController.swift; sourceTree = "<group>"; };
		987B0382290AB70200471E43 /* Models.scnassets */ = {isa = PBXFileReference; lastKnownFileType = wrapper.scnassets; path = Models.scnassets; sourceTree = "<group>"; };
		98DABE662909B5C90007C17E /* Blink.app */ = {isa = PBXFileReference; explicitFileType = wrapper.application; includeInIndex = 0; path = Blink.app; sourceTree = BUILT_PRODUCTS_DIR; };
		98DABE692909B5C90007C17E /* AppDelegate.swift */ = {isa = PBXFileReference; lastKnownFileType = sourcecode.swift; path = AppDelegate.swift; sourceTree = "<group>"; };
		98DABE6B2909B5C90007C17E /* art.scnassets */ = {isa = PBXFileReference; lastKnownFileType = wrapper.scnassets; path = art.scnassets; sourceTree = "<group>"; };
		98DABE6D2909B5C90007C17E /* MainViewController.swift */ = {isa = PBXFileReference; lastKnownFileType = sourcecode.swift; path = MainViewController.swift; sourceTree = "<group>"; };
		98DABE702909B5C90007C17E /* Base */ = {isa = PBXFileReference; lastKnownFileType = file.storyboard; name = Base; path = Base.lproj/Main.storyboard; sourceTree = "<group>"; };
		98DABE722909B5CB0007C17E /* Assets.xcassets */ = {isa = PBXFileReference; lastKnownFileType = folder.assetcatalog; path = Assets.xcassets; sourceTree = "<group>"; };
		98DABE7B2909B5CB0007C17E /* BlinkTests.xctest */ = {isa = PBXFileReference; explicitFileType = wrapper.cfbundle; includeInIndex = 0; path = BlinkTests.xctest; sourceTree = BUILT_PRODUCTS_DIR; };
		98DABE7F2909B5CB0007C17E /* BlinkTests.swift */ = {isa = PBXFileReference; lastKnownFileType = sourcecode.swift; path = BlinkTests.swift; sourceTree = "<group>"; };
		98DABE852909B5CB0007C17E /* BlinkUITests.xctest */ = {isa = PBXFileReference; explicitFileType = wrapper.cfbundle; includeInIndex = 0; path = BlinkUITests.xctest; sourceTree = BUILT_PRODUCTS_DIR; };
		98DABE892909B5CB0007C17E /* BlinkUITests.swift */ = {isa = PBXFileReference; lastKnownFileType = sourcecode.swift; path = BlinkUITests.swift; sourceTree = "<group>"; };
		98DABE8B2909B5CB0007C17E /* BlinkUITestsLaunchTests.swift */ = {isa = PBXFileReference; lastKnownFileType = sourcecode.swift; path = BlinkUITestsLaunchTests.swift; sourceTree = "<group>"; };
		98E89D5B2928068900F004EE /* UIView+.swift */ = {isa = PBXFileReference; lastKnownFileType = sourcecode.swift; path = "UIView+.swift"; sourceTree = "<group>"; };
/* End PBXFileReference section */

/* Begin PBXFrameworksBuildPhase section */
		98DABE632909B5C90007C17E /* Frameworks */ = {
			isa = PBXFrameworksBuildPhase;
			buildActionMask = 2147483647;
			files = (
			);
			runOnlyForDeploymentPostprocessing = 0;
		};
		98DABE782909B5CB0007C17E /* Frameworks */ = {
			isa = PBXFrameworksBuildPhase;
			buildActionMask = 2147483647;
			files = (
			);
			runOnlyForDeploymentPostprocessing = 0;
		};
		98DABE822909B5CB0007C17E /* Frameworks */ = {
			isa = PBXFrameworksBuildPhase;
			buildActionMask = 2147483647;
			files = (
			);
			runOnlyForDeploymentPostprocessing = 0;
		};
/* End PBXFrameworksBuildPhase section */

/* Begin PBXGroup section */
		98DABE5D2909B5C90007C17E = {
			isa = PBXGroup;
			children = (
				98DABE682909B5C90007C17E /* Blink */,
				98DABE7E2909B5CB0007C17E /* BlinkTests */,
				98DABE882909B5CB0007C17E /* BlinkUITests */,
				98DABE672909B5C90007C17E /* Products */,
			);
			sourceTree = "<group>";
		};
		98DABE672909B5C90007C17E /* Products */ = {
			isa = PBXGroup;
			children = (
				98DABE662909B5C90007C17E /* Blink.app */,
				98DABE7B2909B5CB0007C17E /* BlinkTests.xctest */,
				98DABE852909B5CB0007C17E /* BlinkUITests.xctest */,
			);
			name = Products;
			sourceTree = "<group>";
		};
		98DABE682909B5C90007C17E /* Blink */ = {
			isa = PBXGroup;
			children = (
				98028F802928DC0400C595AD /* Blink.entitlements */,
				98DABE692909B5C90007C17E /* AppDelegate.swift */,
				98DABE6B2909B5C90007C17E /* art.scnassets */,
				98FFF4B3290AA9D3009CEF7B /* Views */,
				98FFF4B6290AA9F5009CEF7B /* Extensions */,
				98DABE6F2909B5C90007C17E /* Main.storyboard */,
				98DABE722909B5CB0007C17E /* Assets.xcassets */,
				987B0382290AB70200471E43 /* Models.scnassets */,
				98E89D5B2928068900F004EE /* UIView+.swift */,
				98028F832929081B00C595AD /* UIViewController+.swift */,
				98028F812929024300C595AD /* KeychainManager.swift */,
				98028F8529290A5B00C595AD /* UserDefaultsManager.swift */,
				98028F87292914A900C595AD /* GoogleService-Info.plist */,
			);
			path = Blink;
			sourceTree = "<group>";
		};
		98DABE7E2909B5CB0007C17E /* BlinkTests */ = {
			isa = PBXGroup;
			children = (
				98DABE7F2909B5CB0007C17E /* BlinkTests.swift */,
			);
			path = BlinkTests;
			sourceTree = "<group>";
		};
		98DABE882909B5CB0007C17E /* BlinkUITests */ = {
			isa = PBXGroup;
			children = (
				98DABE892909B5CB0007C17E /* BlinkUITests.swift */,
				98DABE8B2909B5CB0007C17E /* BlinkUITestsLaunchTests.swift */,
			);
			path = BlinkUITests;
			sourceTree = "<group>";
		};
		98FFF4B3290AA9D3009CEF7B /* Views */ = {
			isa = PBXGroup;
			children = (
				98DABE6D2909B5C90007C17E /* MainViewController.swift */,
				984C8A3A2928D3BF00B0BFAD /* AuthViewController.swift */,
			);
			path = Views;
			sourceTree = "<group>";
		};
		98FFF4B6290AA9F5009CEF7B /* Extensions */ = {
			isa = PBXGroup;
			children = (
			);
			path = Extensions;
			sourceTree = "<group>";
		};
/* End PBXGroup section */

/* Begin PBXNativeTarget section */
		98DABE652909B5C90007C17E /* Blink */ = {
			isa = PBXNativeTarget;
			buildConfigurationList = 98DABE8F2909B5CB0007C17E /* Build configuration list for PBXNativeTarget "Blink" */;
			buildPhases = (
				98DABE622909B5C90007C17E /* Sources */,
				98DABE632909B5C90007C17E /* Frameworks */,
				98DABE642909B5C90007C17E /* Resources */,
			);
			buildRules = (
			);
			dependencies = (
			);
			name = Blink;
			productName = Blink;
			productReference = 98DABE662909B5C90007C17E /* Blink.app */;
			productType = "com.apple.product-type.application";
		};
		98DABE7A2909B5CB0007C17E /* BlinkTests */ = {
			isa = PBXNativeTarget;
			buildConfigurationList = 98DABE922909B5CB0007C17E /* Build configuration list for PBXNativeTarget "BlinkTests" */;
			buildPhases = (
				98DABE772909B5CB0007C17E /* Sources */,
				98DABE782909B5CB0007C17E /* Frameworks */,
				98DABE792909B5CB0007C17E /* Resources */,
			);
			buildRules = (
			);
			dependencies = (
				98DABE7D2909B5CB0007C17E /* PBXTargetDependency */,
			);
			name = BlinkTests;
			productName = BlinkTests;
			productReference = 98DABE7B2909B5CB0007C17E /* BlinkTests.xctest */;
			productType = "com.apple.product-type.bundle.unit-test";
		};
		98DABE842909B5CB0007C17E /* BlinkUITests */ = {
			isa = PBXNativeTarget;
			buildConfigurationList = 98DABE952909B5CB0007C17E /* Build configuration list for PBXNativeTarget "BlinkUITests" */;
			buildPhases = (
				98DABE812909B5CB0007C17E /* Sources */,
				98DABE822909B5CB0007C17E /* Frameworks */,
				98DABE832909B5CB0007C17E /* Resources */,
			);
			buildRules = (
			);
			dependencies = (
				98DABE872909B5CB0007C17E /* PBXTargetDependency */,
			);
			name = BlinkUITests;
			productName = BlinkUITests;
			productReference = 98DABE852909B5CB0007C17E /* BlinkUITests.xctest */;
			productType = "com.apple.product-type.bundle.ui-testing";
		};
/* End PBXNativeTarget section */

/* Begin PBXProject section */
		98DABE5E2909B5C90007C17E /* Project object */ = {
			isa = PBXProject;
			attributes = {
				BuildIndependentTargetsInParallel = 1;
				LastSwiftUpdateCheck = 1400;
				LastUpgradeCheck = 1400;
				TargetAttributes = {
					98DABE652909B5C90007C17E = {
						CreatedOnToolsVersion = 14.0.1;
					};
					98DABE7A2909B5CB0007C17E = {
						CreatedOnToolsVersion = 14.0.1;
						TestTargetID = 98DABE652909B5C90007C17E;
					};
					98DABE842909B5CB0007C17E = {
						CreatedOnToolsVersion = 14.0.1;
						TestTargetID = 98DABE652909B5C90007C17E;
					};
				};
			};
			buildConfigurationList = 98DABE612909B5C90007C17E /* Build configuration list for PBXProject "Blink" */;
			compatibilityVersion = "Xcode 14.0";
			developmentRegion = en;
			hasScannedForEncodings = 0;
			knownRegions = (
				en,
				Base,
			);
			mainGroup = 98DABE5D2909B5C90007C17E;
			productRefGroup = 98DABE672909B5C90007C17E /* Products */;
			projectDirPath = "";
			projectRoot = "";
			targets = (
				98DABE652909B5C90007C17E /* Blink */,
				98DABE7A2909B5CB0007C17E /* BlinkTests */,
				98DABE842909B5CB0007C17E /* BlinkUITests */,
			);
		};
/* End PBXProject section */

/* Begin PBXResourcesBuildPhase section */
		98DABE642909B5C90007C17E /* Resources */ = {
			isa = PBXResourcesBuildPhase;
			buildActionMask = 2147483647;
			files = (
				98DABE6C2909B5C90007C17E /* art.scnassets in Resources */,
				98DABE732909B5CB0007C17E /* Assets.xcassets in Resources */,
				98028F88292914A900C595AD /* GoogleService-Info.plist in Resources */,
				987B0383290AB70200471E43 /* Models.scnassets in Resources */,
				98DABE712909B5C90007C17E /* Main.storyboard in Resources */,
			);
			runOnlyForDeploymentPostprocessing = 0;
		};
		98DABE792909B5CB0007C17E /* Resources */ = {
			isa = PBXResourcesBuildPhase;
			buildActionMask = 2147483647;
			files = (
			);
			runOnlyForDeploymentPostprocessing = 0;
		};
		98DABE832909B5CB0007C17E /* Resources */ = {
			isa = PBXResourcesBuildPhase;
			buildActionMask = 2147483647;
			files = (
			);
			runOnlyForDeploymentPostprocessing = 0;
		};
/* End PBXResourcesBuildPhase section */

/* Begin PBXSourcesBuildPhase section */
		98DABE622909B5C90007C17E /* Sources */ = {
			isa = PBXSourcesBuildPhase;
			buildActionMask = 2147483647;
			files = (
				984C8A3B2928D3BF00B0BFAD /* AuthViewController.swift in Sources */,
				98E89D5C2928068900F004EE /* UIView+.swift in Sources */,
				98028F842929081B00C595AD /* UIViewController+.swift in Sources */,
				98028F8629290A5B00C595AD /* UserDefaultsManager.swift in Sources */,
				98DABE6E2909B5C90007C17E /* MainViewController.swift in Sources */,
				98DABE6A2909B5C90007C17E /* AppDelegate.swift in Sources */,
				98028F822929024300C595AD /* KeychainManager.swift in Sources */,
			);
			runOnlyForDeploymentPostprocessing = 0;
		};
		98DABE772909B5CB0007C17E /* Sources */ = {
			isa = PBXSourcesBuildPhase;
			buildActionMask = 2147483647;
			files = (
				98DABE802909B5CB0007C17E /* BlinkTests.swift in Sources */,
			);
			runOnlyForDeploymentPostprocessing = 0;
		};
		98DABE812909B5CB0007C17E /* Sources */ = {
			isa = PBXSourcesBuildPhase;
			buildActionMask = 2147483647;
			files = (
				98DABE8A2909B5CB0007C17E /* BlinkUITests.swift in Sources */,
				98DABE8C2909B5CB0007C17E /* BlinkUITestsLaunchTests.swift in Sources */,
			);
			runOnlyForDeploymentPostprocessing = 0;
		};
/* End PBXSourcesBuildPhase section */

/* Begin PBXTargetDependency section */
		98DABE7D2909B5CB0007C17E /* PBXTargetDependency */ = {
			isa = PBXTargetDependency;
			target = 98DABE652909B5C90007C17E /* Blink */;
			targetProxy = 98DABE7C2909B5CB0007C17E /* PBXContainerItemProxy */;
		};
		98DABE872909B5CB0007C17E /* PBXTargetDependency */ = {
			isa = PBXTargetDependency;
			target = 98DABE652909B5C90007C17E /* Blink */;
			targetProxy = 98DABE862909B5CB0007C17E /* PBXContainerItemProxy */;
		};
/* End PBXTargetDependency section */

/* Begin PBXVariantGroup section */
		98DABE6F2909B5C90007C17E /* Main.storyboard */ = {
			isa = PBXVariantGroup;
			children = (
				98DABE702909B5C90007C17E /* Base */,
			);
			name = Main.storyboard;
			sourceTree = "<group>";
		};
/* End PBXVariantGroup section */

/* Begin XCBuildConfiguration section */
		98DABE8D2909B5CB0007C17E /* Debug */ = {
			isa = XCBuildConfiguration;
			buildSettings = {
				ALWAYS_SEARCH_USER_PATHS = NO;
				CLANG_ANALYZER_NONNULL = YES;
				CLANG_ANALYZER_NUMBER_OBJECT_CONVERSION = YES_AGGRESSIVE;
				CLANG_CXX_LANGUAGE_STANDARD = "gnu++20";
				CLANG_ENABLE_MODULES = YES;
				CLANG_ENABLE_OBJC_ARC = YES;
				CLANG_ENABLE_OBJC_WEAK = YES;
				CLANG_WARN_BLOCK_CAPTURE_AUTORELEASING = YES;
				CLANG_WARN_BOOL_CONVERSION = YES;
				CLANG_WARN_COMMA = YES;
				CLANG_WARN_CONSTANT_CONVERSION = YES;
				CLANG_WARN_DEPRECATED_OBJC_IMPLEMENTATIONS = YES;
				CLANG_WARN_DIRECT_OBJC_ISA_USAGE = YES_ERROR;
				CLANG_WARN_DOCUMENTATION_COMMENTS = YES;
				CLANG_WARN_EMPTY_BODY = YES;
				CLANG_WARN_ENUM_CONVERSION = YES;
				CLANG_WARN_INFINITE_RECURSION = YES;
				CLANG_WARN_INT_CONVERSION = YES;
				CLANG_WARN_NON_LITERAL_NULL_CONVERSION = YES;
				CLANG_WARN_OBJC_IMPLICIT_RETAIN_SELF = YES;
				CLANG_WARN_OBJC_LITERAL_CONVERSION = YES;
				CLANG_WARN_OBJC_ROOT_CLASS = YES_ERROR;
				CLANG_WARN_QUOTED_INCLUDE_IN_FRAMEWORK_HEADER = YES;
				CLANG_WARN_RANGE_LOOP_ANALYSIS = YES;
				CLANG_WARN_STRICT_PROTOTYPES = YES;
				CLANG_WARN_SUSPICIOUS_MOVE = YES;
				CLANG_WARN_UNGUARDED_AVAILABILITY = YES_AGGRESSIVE;
				CLANG_WARN_UNREACHABLE_CODE = YES;
				CLANG_WARN__DUPLICATE_METHOD_MATCH = YES;
				COPY_PHASE_STRIP = NO;
				DEBUG_INFORMATION_FORMAT = dwarf;
				ENABLE_STRICT_OBJC_MSGSEND = YES;
				ENABLE_TESTABILITY = YES;
				GCC_C_LANGUAGE_STANDARD = gnu11;
				GCC_DYNAMIC_NO_PIC = NO;
				GCC_NO_COMMON_BLOCKS = YES;
				GCC_OPTIMIZATION_LEVEL = 0;
				GCC_PREPROCESSOR_DEFINITIONS = (
					"DEBUG=1",
					"$(inherited)",
				);
				GCC_WARN_64_TO_32_BIT_CONVERSION = YES;
				GCC_WARN_ABOUT_RETURN_TYPE = YES_ERROR;
				GCC_WARN_UNDECLARED_SELECTOR = YES;
				GCC_WARN_UNINITIALIZED_AUTOS = YES_AGGRESSIVE;
				GCC_WARN_UNUSED_FUNCTION = YES;
				GCC_WARN_UNUSED_VARIABLE = YES;
				IPHONEOS_DEPLOYMENT_TARGET = 16.0;
				MTL_ENABLE_DEBUG_INFO = INCLUDE_SOURCE;
				MTL_FAST_MATH = YES;
				ONLY_ACTIVE_ARCH = YES;
				SDKROOT = iphoneos;
				SWIFT_ACTIVE_COMPILATION_CONDITIONS = DEBUG;
				SWIFT_OPTIMIZATION_LEVEL = "-Onone";
			};
			name = Debug;
		};
		98DABE8E2909B5CB0007C17E /* Release */ = {
			isa = XCBuildConfiguration;
			buildSettings = {
				ALWAYS_SEARCH_USER_PATHS = NO;
				CLANG_ANALYZER_NONNULL = YES;
				CLANG_ANALYZER_NUMBER_OBJECT_CONVERSION = YES_AGGRESSIVE;
				CLANG_CXX_LANGUAGE_STANDARD = "gnu++20";
				CLANG_ENABLE_MODULES = YES;
				CLANG_ENABLE_OBJC_ARC = YES;
				CLANG_ENABLE_OBJC_WEAK = YES;
				CLANG_WARN_BLOCK_CAPTURE_AUTORELEASING = YES;
				CLANG_WARN_BOOL_CONVERSION = YES;
				CLANG_WARN_COMMA = YES;
				CLANG_WARN_CONSTANT_CONVERSION = YES;
				CLANG_WARN_DEPRECATED_OBJC_IMPLEMENTATIONS = YES;
				CLANG_WARN_DIRECT_OBJC_ISA_USAGE = YES_ERROR;
				CLANG_WARN_DOCUMENTATION_COMMENTS = YES;
				CLANG_WARN_EMPTY_BODY = YES;
				CLANG_WARN_ENUM_CONVERSION = YES;
				CLANG_WARN_INFINITE_RECURSION = YES;
				CLANG_WARN_INT_CONVERSION = YES;
				CLANG_WARN_NON_LITERAL_NULL_CONVERSION = YES;
				CLANG_WARN_OBJC_IMPLICIT_RETAIN_SELF = YES;
				CLANG_WARN_OBJC_LITERAL_CONVERSION = YES;
				CLANG_WARN_OBJC_ROOT_CLASS = YES_ERROR;
				CLANG_WARN_QUOTED_INCLUDE_IN_FRAMEWORK_HEADER = YES;
				CLANG_WARN_RANGE_LOOP_ANALYSIS = YES;
				CLANG_WARN_STRICT_PROTOTYPES = YES;
				CLANG_WARN_SUSPICIOUS_MOVE = YES;
				CLANG_WARN_UNGUARDED_AVAILABILITY = YES_AGGRESSIVE;
				CLANG_WARN_UNREACHABLE_CODE = YES;
				CLANG_WARN__DUPLICATE_METHOD_MATCH = YES;
				COPY_PHASE_STRIP = NO;
				DEBUG_INFORMATION_FORMAT = "dwarf-with-dsym";
				ENABLE_NS_ASSERTIONS = NO;
				ENABLE_STRICT_OBJC_MSGSEND = YES;
				GCC_C_LANGUAGE_STANDARD = gnu11;
				GCC_NO_COMMON_BLOCKS = YES;
				GCC_WARN_64_TO_32_BIT_CONVERSION = YES;
				GCC_WARN_ABOUT_RETURN_TYPE = YES_ERROR;
				GCC_WARN_UNDECLARED_SELECTOR = YES;
				GCC_WARN_UNINITIALIZED_AUTOS = YES_AGGRESSIVE;
				GCC_WARN_UNUSED_FUNCTION = YES;
				GCC_WARN_UNUSED_VARIABLE = YES;
				IPHONEOS_DEPLOYMENT_TARGET = 16.0;
				MTL_ENABLE_DEBUG_INFO = NO;
				MTL_FAST_MATH = YES;
				SDKROOT = iphoneos;
				SWIFT_COMPILATION_MODE = wholemodule;
				SWIFT_OPTIMIZATION_LEVEL = "-O";
				VALIDATE_PRODUCT = YES;
			};
			name = Release;
		};
		98DABE902909B5CB0007C17E /* Debug */ = {
			isa = XCBuildConfiguration;
			buildSettings = {
				ASSETCATALOG_COMPILER_APPICON_NAME = AppIcon;
				ASSETCATALOG_COMPILER_GLOBAL_ACCENT_COLOR_NAME = AccentColor;
				CODE_SIGN_ENTITLEMENTS = Blink/Blink.entitlements;
				CODE_SIGN_STYLE = Automatic;
				CURRENT_PROJECT_VERSION = 1;
				DEVELOPMENT_TEAM = PN5JFN8NYT;
				GENERATE_INFOPLIST_FILE = YES;
				INFOPLIST_KEY_NSCameraUsageDescription = "";
				INFOPLIST_KEY_UIApplicationSupportsIndirectInputEvents = YES;
				INFOPLIST_KEY_UILaunchStoryboardName = LaunchScreen;
				INFOPLIST_KEY_UIMainStoryboardFile = Main;
				INFOPLIST_KEY_UIRequiredDeviceCapabilities = arkit;
				INFOPLIST_KEY_UIStatusBarHidden = YES;
				INFOPLIST_KEY_UISupportedInterfaceOrientations_iPad = "UIInterfaceOrientationPortrait UIInterfaceOrientationPortraitUpsideDown UIInterfaceOrientationLandscapeLeft UIInterfaceOrientationLandscapeRight";
				INFOPLIST_KEY_UISupportedInterfaceOrientations_iPhone = "UIInterfaceOrientationPortrait UIInterfaceOrientationLandscapeLeft UIInterfaceOrientationLandscapeRight";
				LD_RUNPATH_SEARCH_PATHS = (
					"$(inherited)",
					"@executable_path/Frameworks",
				);
				MARKETING_VERSION = 1.0;
				PRODUCT_BUNDLE_IDENTIFIER = yoonjong.Blink;
				PRODUCT_NAME = "$(TARGET_NAME)";
				SWIFT_EMIT_LOC_STRINGS = YES;
				SWIFT_VERSION = 5.0;
				TARGETED_DEVICE_FAMILY = "1,2";
			};
			name = Debug;
		};
		98DABE912909B5CB0007C17E /* Release */ = {
			isa = XCBuildConfiguration;
			buildSettings = {
				ASSETCATALOG_COMPILER_APPICON_NAME = AppIcon;
				ASSETCATALOG_COMPILER_GLOBAL_ACCENT_COLOR_NAME = AccentColor;
				CODE_SIGN_ENTITLEMENTS = Blink/Blink.entitlements;
				CODE_SIGN_STYLE = Automatic;
				CURRENT_PROJECT_VERSION = 1;
				DEVELOPMENT_TEAM = PN5JFN8NYT;
				GENERATE_INFOPLIST_FILE = YES;
				INFOPLIST_KEY_NSCameraUsageDescription = "";
				INFOPLIST_KEY_UIApplicationSupportsIndirectInputEvents = YES;
				INFOPLIST_KEY_UILaunchStoryboardName = LaunchScreen;
				INFOPLIST_KEY_UIMainStoryboardFile = Main;
				INFOPLIST_KEY_UIRequiredDeviceCapabilities = arkit;
				INFOPLIST_KEY_UIStatusBarHidden = YES;
				INFOPLIST_KEY_UISupportedInterfaceOrientations_iPad = "UIInterfaceOrientationPortrait UIInterfaceOrientationPortraitUpsideDown UIInterfaceOrientationLandscapeLeft UIInterfaceOrientationLandscapeRight";
				INFOPLIST_KEY_UISupportedInterfaceOrientations_iPhone = "UIInterfaceOrientationPortrait UIInterfaceOrientationLandscapeLeft UIInterfaceOrientationLandscapeRight";
				LD_RUNPATH_SEARCH_PATHS = (
					"$(inherited)",
					"@executable_path/Frameworks",
				);
				MARKETING_VERSION = 1.0;
				PRODUCT_BUNDLE_IDENTIFIER = yoonjong.Blink;
				PRODUCT_NAME = "$(TARGET_NAME)";
				SWIFT_EMIT_LOC_STRINGS = YES;
				SWIFT_VERSION = 5.0;
				TARGETED_DEVICE_FAMILY = "1,2";
			};
			name = Release;
		};
		98DABE932909B5CB0007C17E /* Debug */ = {
			isa = XCBuildConfiguration;
			buildSettings = {
				ALWAYS_EMBED_SWIFT_STANDARD_LIBRARIES = YES;
				BUNDLE_LOADER = "$(TEST_HOST)";
				CODE_SIGN_STYLE = Automatic;
				CURRENT_PROJECT_VERSION = 1;
				DEVELOPMENT_TEAM = PN5JFN8NYT;
				GENERATE_INFOPLIST_FILE = YES;
				IPHONEOS_DEPLOYMENT_TARGET = 16.0;
				MARKETING_VERSION = 1.0;
				PRODUCT_BUNDLE_IDENTIFIER = yoonjong.BlinkTests;
				PRODUCT_NAME = "$(TARGET_NAME)";
				SWIFT_EMIT_LOC_STRINGS = NO;
				SWIFT_VERSION = 5.0;
				TARGETED_DEVICE_FAMILY = "1,2";
				TEST_HOST = "$(BUILT_PRODUCTS_DIR)/Blink.app/$(BUNDLE_EXECUTABLE_FOLDER_PATH)/Blink";
			};
			name = Debug;
		};
		98DABE942909B5CB0007C17E /* Release */ = {
			isa = XCBuildConfiguration;
			buildSettings = {
				ALWAYS_EMBED_SWIFT_STANDARD_LIBRARIES = YES;
				BUNDLE_LOADER = "$(TEST_HOST)";
				CODE_SIGN_STYLE = Automatic;
				CURRENT_PROJECT_VERSION = 1;
				DEVELOPMENT_TEAM = PN5JFN8NYT;
				GENERATE_INFOPLIST_FILE = YES;
				IPHONEOS_DEPLOYMENT_TARGET = 16.0;
				MARKETING_VERSION = 1.0;
				PRODUCT_BUNDLE_IDENTIFIER = yoonjong.BlinkTests;
				PRODUCT_NAME = "$(TARGET_NAME)";
				SWIFT_EMIT_LOC_STRINGS = NO;
				SWIFT_VERSION = 5.0;
				TARGETED_DEVICE_FAMILY = "1,2";
				TEST_HOST = "$(BUILT_PRODUCTS_DIR)/Blink.app/$(BUNDLE_EXECUTABLE_FOLDER_PATH)/Blink";
			};
			name = Release;
		};
		98DABE962909B5CB0007C17E /* Debug */ = {
			isa = XCBuildConfiguration;
			buildSettings = {
				ALWAYS_EMBED_SWIFT_STANDARD_LIBRARIES = YES;
				CODE_SIGN_STYLE = Automatic;
				CURRENT_PROJECT_VERSION = 1;
				DEVELOPMENT_TEAM = PN5JFN8NYT;
				GENERATE_INFOPLIST_FILE = YES;
				MARKETING_VERSION = 1.0;
				PRODUCT_BUNDLE_IDENTIFIER = yoonjong.BlinkUITests;
				PRODUCT_NAME = "$(TARGET_NAME)";
				SWIFT_EMIT_LOC_STRINGS = NO;
				SWIFT_VERSION = 5.0;
				TARGETED_DEVICE_FAMILY = "1,2";
				TEST_TARGET_NAME = Blink;
			};
			name = Debug;
		};
		98DABE972909B5CB0007C17E /* Release */ = {
			isa = XCBuildConfiguration;
			buildSettings = {
				ALWAYS_EMBED_SWIFT_STANDARD_LIBRARIES = YES;
				CODE_SIGN_STYLE = Automatic;
				CURRENT_PROJECT_VERSION = 1;
				DEVELOPMENT_TEAM = PN5JFN8NYT;
				GENERATE_INFOPLIST_FILE = YES;
				MARKETING_VERSION = 1.0;
				PRODUCT_BUNDLE_IDENTIFIER = yoonjong.BlinkUITests;
				PRODUCT_NAME = "$(TARGET_NAME)";
				SWIFT_EMIT_LOC_STRINGS = NO;
				SWIFT_VERSION = 5.0;
				TARGETED_DEVICE_FAMILY = "1,2";
				TEST_TARGET_NAME = Blink;
			};
			name = Release;
		};
/* End XCBuildConfiguration section */

/* Begin XCConfigurationList section */
		98DABE612909B5C90007C17E /* Build configuration list for PBXProject "Blink" */ = {
			isa = XCConfigurationList;
			buildConfigurations = (
				98DABE8D2909B5CB0007C17E /* Debug */,
				98DABE8E2909B5CB0007C17E /* Release */,
			);
			defaultConfigurationIsVisible = 0;
			defaultConfigurationName = Release;
		};
		98DABE8F2909B5CB0007C17E /* Build configuration list for PBXNativeTarget "Blink" */ = {
			isa = XCConfigurationList;
			buildConfigurations = (
				98DABE902909B5CB0007C17E /* Debug */,
				98DABE912909B5CB0007C17E /* Release */,
			);
			defaultConfigurationIsVisible = 0;
			defaultConfigurationName = Release;
		};
		98DABE922909B5CB0007C17E /* Build configuration list for PBXNativeTarget "BlinkTests" */ = {
			isa = XCConfigurationList;
			buildConfigurations = (
				98DABE932909B5CB0007C17E /* Debug */,
				98DABE942909B5CB0007C17E /* Release */,
			);
			defaultConfigurationIsVisible = 0;
			defaultConfigurationName = Release;
		};
		98DABE952909B5CB0007C17E /* Build configuration list for PBXNativeTarget "BlinkUITests" */ = {
			isa = XCConfigurationList;
			buildConfigurations = (
				98DABE962909B5CB0007C17E /* Debug */,
				98DABE972909B5CB0007C17E /* Release */,
			);
			defaultConfigurationIsVisible = 0;
			defaultConfigurationName = Release;
		};
/* End XCConfigurationList section */
	};
	rootObject = 98DABE5E2909B5C90007C17E /* Project object */;
}
